
Microsoft Visual Studio Solution File, Format Version 12.00
# Visual Studio Version 17
VisualStudioVersion = 17.14.36109.1 d17.14
MinimumVisualStudioVersion = 10.0.40219.1
Project("{FAE04EC0-301F-11D3-BF4B-00C04F79EFBC}") = "wholesale_store", "wholesale_store.csproj", "{91EFEA6D-4D0F-4F38-95F7-6D5DD64A4EDA}"
EndProject
Global
	GlobalSection(SolutionConfigurationPlatforms) = preSolution
		Debug|Any CPU = Debug|Any CPU
		Release|Any CPU = Release|Any CPU
	EndGlobalSection
	GlobalSection(ProjectConfigurationPlatforms) = postSolution
		{91EFEA6D-4D0F-4F38-95F7-6D5DD64A4EDA}.Debug|Any CPU.ActiveCfg = Debug|Any CPU
		{91EFEA6D-4D0F-4F38-95F7-6D5DD64A4EDA}.Debug|Any CPU.Build.0 = Debug|Any CPU
		{91EFEA6D-4D0F-4F38-95F7-6D5DD64A4EDA}.Release|Any CPU.ActiveCfg = Release|Any CPU
		{91EFEA6D-4D0F-4F38-95F7-6D5DD64A4EDA}.Release|Any CPU.Build.0 = Release|Any CPU
	EndGlobalSection
	GlobalSection(SolutionProperties) = preSolution
		HideSolutionNode = FALSE
	EndGlobalSection
	GlobalSection(ExtensibilityGlobals) = postSolution
		SolutionGuid = {BD108D45-5C30-4301-8293-396E9D0339B8}
	EndGlobalSection
EndGlobal
